
Microsoft Visual Studio Solution File, Format Version 12.00
# Visual Studio Version 17
VisualStudioVersion = 17.0.31808.319
MinimumVisualStudioVersion = 10.0.40219.1
Project("{FAE04EC0-301F-11D3-BF4B-00C04F79EFBC}") = "Calcular média de notas", "Calcular média de notas\Calcular média de notas.csproj", "{99A8C50D-AAD8-431C-901F-3A82A6A6F4EB}"
EndProject
Global
	GlobalSection(SolutionConfigurationPlatforms) = preSolution
		Debug|Any CPU = Debug|Any CPU
		Release|Any CPU = Release|Any CPU
	EndGlobalSection
	GlobalSection(ProjectConfigurationPlatforms) = postSolution
		{99A8C50D-AAD8-431C-901F-3A82A6A6F4EB}.Debug|Any CPU.ActiveCfg = Debug|Any CPU
		{99A8C50D-AAD8-431C-901F-3A82A6A6F4EB}.Debug|Any CPU.Build.0 = Debug|Any CPU
		{99A8C50D-AAD8-431C-901F-3A82A6A6F4EB}.Release|Any CPU.ActiveCfg = Release|Any CPU
		{99A8C50D-AAD8-431C-901F-3A82A6A6F4EB}.Release|Any CPU.Build.0 = Release|Any CPU
	EndGlobalSection
	GlobalSection(SolutionProperties) = preSolution
		HideSolutionNode = FALSE
	EndGlobalSection
	GlobalSection(ExtensibilityGlobals) = postSolution
		SolutionGuid = {0D977496-BA5F-4826-9542-509ECD42AB94}
	EndGlobalSection
EndGlobal
